// !$*UTF8*$!
{
	archiveVersion = 1;
	classes = {
	};
	objectVersion = 56;
	objects = {

/* Begin PBXBuildFile section */
		61530FBB29ABF9B400A2284F /* ActivityDetailController.swift in Sources */ = {isa = PBXBuildFile; fileRef = 61530FBA29ABF9B400A2284F /* ActivityDetailController.swift */; };
		61530FBE29ACC28600A2284F /* CompletedActivities+CoreDataClass.swift in Sources */ = {isa = PBXBuildFile; fileRef = 61530FBC29ACC28600A2284F /* CompletedActivities+CoreDataClass.swift */; };
		61530FBF29ACC28600A2284F /* CompletedActivities+CoreDataProperties.swift in Sources */ = {isa = PBXBuildFile; fileRef = 61530FBD29ACC28600A2284F /* CompletedActivities+CoreDataProperties.swift */; };
		61C59AD929AAB5B9003D8EDC /* CompletedActivityCell.swift in Sources */ = {isa = PBXBuildFile; fileRef = 61C59AD729AAB5B9003D8EDC /* CompletedActivityCell.swift */; };
		61C59ADA29AAB5B9003D8EDC /* CompletedActivityCell.xib in Resources */ = {isa = PBXBuildFile; fileRef = 61C59AD829AAB5B9003D8EDC /* CompletedActivityCell.xib */; };
		61CD7D9D29A8B85E00A6D48E /* AppDelegate.swift in Sources */ = {isa = PBXBuildFile; fileRef = 61CD7D9C29A8B85E00A6D48E /* AppDelegate.swift */; };
		61CD7D9F29A8B85E00A6D48E /* SceneDelegate.swift in Sources */ = {isa = PBXBuildFile; fileRef = 61CD7D9E29A8B85E00A6D48E /* SceneDelegate.swift */; };
		61CD7DA129A8B85E00A6D48E /* ActivitySuggestionController.swift in Sources */ = {isa = PBXBuildFile; fileRef = 61CD7DA029A8B85E00A6D48E /* ActivitySuggestionController.swift */; };
		61CD7DA429A8B85E00A6D48E /* Main.storyboard in Resources */ = {isa = PBXBuildFile; fileRef = 61CD7DA229A8B85E00A6D48E /* Main.storyboard */; };
		61CD7DA629A8B85F00A6D48E /* Assets.xcassets in Resources */ = {isa = PBXBuildFile; fileRef = 61CD7DA529A8B85F00A6D48E /* Assets.xcassets */; };
		61CD7DA929A8B85F00A6D48E /* LaunchScreen.storyboard in Resources */ = {isa = PBXBuildFile; fileRef = 61CD7DA729A8B85F00A6D48E /* LaunchScreen.storyboard */; };
		61CD7DB129A8C11200A6D48E /* ActivityModel.swift in Sources */ = {isa = PBXBuildFile; fileRef = 61CD7DB029A8C11200A6D48E /* ActivityModel.swift */; };
		61CD7DB329A8C83100A6D48E /* Constants.swift in Sources */ = {isa = PBXBuildFile; fileRef = 61CD7DB229A8C83100A6D48E /* Constants.swift */; };
		61CD7DB629A8F47700A6D48E /* ActivityCell.swift in Sources */ = {isa = PBXBuildFile; fileRef = 61CD7DB429A8F47700A6D48E /* ActivityCell.swift */; };
		61CD7DB729A8F47700A6D48E /* ActivityCell.xib in Resources */ = {isa = PBXBuildFile; fileRef = 61CD7DB529A8F47700A6D48E /* ActivityCell.xib */; };
		61CD7DBC29A95AFC00A6D48E /* ActivityManager.swift in Sources */ = {isa = PBXBuildFile; fileRef = 61CD7DBB29A95AFC00A6D48E /* ActivityManager.swift */; };
		61CD7DC629AA254000A6D48E /* CompletedActivitiesCore.xcdatamodeld in Sources */ = {isa = PBXBuildFile; fileRef = 61CD7DC429AA254000A6D48E /* CompletedActivitiesCore.xcdatamodeld */; };
		61CD7DCC29AA277400A6D48E /* CompletedActivitiesManager.swift in Sources */ = {isa = PBXBuildFile; fileRef = 61CD7DCB29AA277400A6D48E /* CompletedActivitiesManager.swift */; };
		61CD7DCE29AA2CE000A6D48E /* Alerts.swift in Sources */ = {isa = PBXBuildFile; fileRef = 61CD7DCD29AA2CE000A6D48E /* Alerts.swift */; };
		61CD7DE029AA6A3700A6D48E /* RegisterActivityController.swift in Sources */ = {isa = PBXBuildFile; fileRef = 61CD7DDF29AA6A3700A6D48E /* RegisterActivityController.swift */; };
		61CD7DE229AA909400A6D48E /* CompletedActivitiesController.swift in Sources */ = {isa = PBXBuildFile; fileRef = 61CD7DE129AA909400A6D48E /* CompletedActivitiesController.swift */; };
/* End PBXBuildFile section */

/* Begin PBXFileReference section */
		61530FBA29ABF9B400A2284F /* ActivityDetailController.swift */ = {isa = PBXFileReference; lastKnownFileType = sourcecode.swift; path = ActivityDetailController.swift; sourceTree = "<group>"; };
		61530FBC29ACC28600A2284F /* CompletedActivities+CoreDataClass.swift */ = {isa = PBXFileReference; lastKnownFileType = sourcecode.swift; path = "CompletedActivities+CoreDataClass.swift"; sourceTree = "<group>"; };
		61530FBD29ACC28600A2284F /* CompletedActivities+CoreDataProperties.swift */ = {isa = PBXFileReference; lastKnownFileType = sourcecode.swift; path = "CompletedActivities+CoreDataProperties.swift"; sourceTree = "<group>"; };
		61C59AD729AAB5B9003D8EDC /* CompletedActivityCell.swift */ = {isa = PBXFileReference; lastKnownFileType = sourcecode.swift; path = CompletedActivityCell.swift; sourceTree = "<group>"; };
		61C59AD829AAB5B9003D8EDC /* CompletedActivityCell.xib */ = {isa = PBXFileReference; lastKnownFileType = file.xib; path = CompletedActivityCell.xib; sourceTree = "<group>"; };
		61CD7D9929A8B85E00A6D48E /* ActivitySuggestion.app */ = {isa = PBXFileReference; explicitFileType = wrapper.application; includeInIndex = 0; path = ActivitySuggestion.app; sourceTree = BUILT_PRODUCTS_DIR; };
		61CD7D9C29A8B85E00A6D48E /* AppDelegate.swift */ = {isa = PBXFileReference; lastKnownFileType = sourcecode.swift; path = AppDelegate.swift; sourceTree = "<group>"; };
		61CD7D9E29A8B85E00A6D48E /* SceneDelegate.swift */ = {isa = PBXFileReference; lastKnownFileType = sourcecode.swift; path = SceneDelegate.swift; sourceTree = "<group>"; };
		61CD7DA029A8B85E00A6D48E /* ActivitySuggestionController.swift */ = {isa = PBXFileReference; lastKnownFileType = sourcecode.swift; path = ActivitySuggestionController.swift; sourceTree = "<group>"; };
		61CD7DA329A8B85E00A6D48E /* Base */ = {isa = PBXFileReference; lastKnownFileType = file.storyboard; name = Base; path = Base.lproj/Main.storyboard; sourceTree = "<group>"; };
		61CD7DA529A8B85F00A6D48E /* Assets.xcassets */ = {isa = PBXFileReference; lastKnownFileType = folder.assetcatalog; path = Assets.xcassets; sourceTree = "<group>"; };
		61CD7DA829A8B85F00A6D48E /* Base */ = {isa = PBXFileReference; lastKnownFileType = file.storyboard; name = Base; path = Base.lproj/LaunchScreen.storyboard; sourceTree = "<group>"; };
		61CD7DAA29A8B85F00A6D48E /* Info.plist */ = {isa = PBXFileReference; lastKnownFileType = text.plist.xml; path = Info.plist; sourceTree = "<group>"; };
		61CD7DB029A8C11200A6D48E /* ActivityModel.swift */ = {isa = PBXFileReference; lastKnownFileType = sourcecode.swift; path = ActivityModel.swift; sourceTree = "<group>"; };
		61CD7DB229A8C83100A6D48E /* Constants.swift */ = {isa = PBXFileReference; lastKnownFileType = sourcecode.swift; path = Constants.swift; sourceTree = "<group>"; };
		61CD7DB429A8F47700A6D48E /* ActivityCell.swift */ = {isa = PBXFileReference; lastKnownFileType = sourcecode.swift; path = ActivityCell.swift; sourceTree = "<group>"; };
		61CD7DB529A8F47700A6D48E /* ActivityCell.xib */ = {isa = PBXFileReference; lastKnownFileType = file.xib; path = ActivityCell.xib; sourceTree = "<group>"; };
		61CD7DBB29A95AFC00A6D48E /* ActivityManager.swift */ = {isa = PBXFileReference; lastKnownFileType = sourcecode.swift; path = ActivityManager.swift; sourceTree = "<group>"; };
		61CD7DC529AA254000A6D48E /* CompletedActivitesCore.xcdatamodel */ = {isa = PBXFileReference; lastKnownFileType = wrapper.xcdatamodel; path = CompletedActivitesCore.xcdatamodel; sourceTree = "<group>"; };
		61CD7DCB29AA277400A6D48E /* CompletedActivitiesManager.swift */ = {isa = PBXFileReference; lastKnownFileType = sourcecode.swift; path = CompletedActivitiesManager.swift; sourceTree = "<group>"; };
		61CD7DCD29AA2CE000A6D48E /* Alerts.swift */ = {isa = PBXFileReference; lastKnownFileType = sourcecode.swift; path = Alerts.swift; sourceTree = "<group>"; };
		61CD7DDF29AA6A3700A6D48E /* RegisterActivityController.swift */ = {isa = PBXFileReference; lastKnownFileType = sourcecode.swift; path = RegisterActivityController.swift; sourceTree = "<group>"; };
		61CD7DE129AA909400A6D48E /* CompletedActivitiesController.swift */ = {isa = PBXFileReference; lastKnownFileType = sourcecode.swift; path = CompletedActivitiesController.swift; sourceTree = "<group>"; };
/* End PBXFileReference section */

/* Begin PBXFrameworksBuildPhase section */
		61CD7D9629A8B85E00A6D48E /* Frameworks */ = {
			isa = PBXFrameworksBuildPhase;
			buildActionMask = 2147483647;
			files = (
			);
			runOnlyForDeploymentPostprocessing = 0;
		};
/* End PBXFrameworksBuildPhase section */

/* Begin PBXGroup section */
		61CD7D9029A8B85E00A6D48E = {
			isa = PBXGroup;
			children = (
				61CD7D9B29A8B85E00A6D48E /* ActivitySuggestion */,
				61CD7D9A29A8B85E00A6D48E /* Products */,
			);
			sourceTree = "<group>";
		};
		61CD7D9A29A8B85E00A6D48E /* Products */ = {
			isa = PBXGroup;
			children = (
				61CD7D9929A8B85E00A6D48E /* ActivitySuggestion.app */,
			);
			name = Products;
			sourceTree = "<group>";
		};
		61CD7D9B29A8B85E00A6D48E /* ActivitySuggestion */ = {
			isa = PBXGroup;
			children = (
				61CD7D9C29A8B85E00A6D48E /* AppDelegate.swift */,
				61CD7D9E29A8B85E00A6D48E /* SceneDelegate.swift */,
				61CD7DBD29AA1B7600A6D48E /* CoreData */,
				61CD7DBA29A8F8D500A6D48E /* Controllers */,
				61CD7DB929A8F8BD00A6D48E /* Models */,
				61CD7DB829A8F88B00A6D48E /* Views */,
				61CD7DB229A8C83100A6D48E /* Constants.swift */,
				61CD7DA529A8B85F00A6D48E /* Assets.xcassets */,
				61CD7DA729A8B85F00A6D48E /* LaunchScreen.storyboard */,
				61CD7DAA29A8B85F00A6D48E /* Info.plist */,
			);
			path = ActivitySuggestion;
			sourceTree = "<group>";
		};
		61CD7DB829A8F88B00A6D48E /* Views */ = {
			isa = PBXGroup;
			children = (
				61CD7DB429A8F47700A6D48E /* ActivityCell.swift */,
				61CD7DB529A8F47700A6D48E /* ActivityCell.xib */,
				61CD7DA229A8B85E00A6D48E /* Main.storyboard */,
				61C59AD729AAB5B9003D8EDC /* CompletedActivityCell.swift */,
				61C59AD829AAB5B9003D8EDC /* CompletedActivityCell.xib */,
			);
			path = Views;
			sourceTree = "<group>";
		};
		61CD7DB929A8F8BD00A6D48E /* Models */ = {
			isa = PBXGroup;
			children = (
				61CD7DB029A8C11200A6D48E /* ActivityModel.swift */,
				61CD7DBB29A95AFC00A6D48E /* ActivityManager.swift */,
				61CD7DCB29AA277400A6D48E /* CompletedActivitiesManager.swift */,
				61CD7DCD29AA2CE000A6D48E /* Alerts.swift */,
			);
			path = Models;
			sourceTree = "<group>";
		};
		61CD7DBA29A8F8D500A6D48E /* Controllers */ = {
			isa = PBXGroup;
			children = (
				61CD7DA029A8B85E00A6D48E /* ActivitySuggestionController.swift */,
				61CD7DDF29AA6A3700A6D48E /* RegisterActivityController.swift */,
				61CD7DE129AA909400A6D48E /* CompletedActivitiesController.swift */,
				61530FBA29ABF9B400A2284F /* ActivityDetailController.swift */,
			);
			path = Controllers;
			sourceTree = "<group>";
		};
		61CD7DBD29AA1B7600A6D48E /* CoreData */ = {
			isa = PBXGroup;
			children = (
				61530FBC29ACC28600A2284F /* CompletedActivities+CoreDataClass.swift */,
				61530FBD29ACC28600A2284F /* CompletedActivities+CoreDataProperties.swift */,
				61CD7DC429AA254000A6D48E /* CompletedActivitiesCore.xcdatamodeld */,
			);
			path = CoreData;
			sourceTree = "<group>";
		};
/* End PBXGroup section */

/* Begin PBXNativeTarget section */
		61CD7D9829A8B85E00A6D48E /* ActivitySuggestion */ = {
			isa = PBXNativeTarget;
			buildConfigurationList = 61CD7DAD29A8B85F00A6D48E /* Build configuration list for PBXNativeTarget "ActivitySuggestion" */;
			buildPhases = (
				61CD7D9529A8B85E00A6D48E /* Sources */,
				61CD7D9629A8B85E00A6D48E /* Frameworks */,
				61CD7D9729A8B85E00A6D48E /* Resources */,
			);
			buildRules = (
			);
			dependencies = (
			);
			name = ActivitySuggestion;
			productName = ActivitySuggestion;
			productReference = 61CD7D9929A8B85E00A6D48E /* ActivitySuggestion.app */;
			productType = "com.apple.product-type.application";
		};
/* End PBXNativeTarget section */

/* Begin PBXProject section */
		61CD7D9129A8B85E00A6D48E /* Project object */ = {
			isa = PBXProject;
			attributes = {
				BuildIndependentTargetsInParallel = 1;
				LastSwiftUpdateCheck = 1420;
				LastUpgradeCheck = 1420;
				TargetAttributes = {
					61CD7D9829A8B85E00A6D48E = {
						CreatedOnToolsVersion = 14.2;
					};
				};
			};
			buildConfigurationList = 61CD7D9429A8B85E00A6D48E /* Build configuration list for PBXProject "ActivitySuggestion" */;
			compatibilityVersion = "Xcode 14.0";
			developmentRegion = en;
			hasScannedForEncodings = 0;
			knownRegions = (
				en,
				Base,
			);
			mainGroup = 61CD7D9029A8B85E00A6D48E;
			productRefGroup = 61CD7D9A29A8B85E00A6D48E /* Products */;
			projectDirPath = "";
			projectRoot = "";
			targets = (
				61CD7D9829A8B85E00A6D48E /* ActivitySuggestion */,
			);
		};
/* End PBXProject section */

/* Begin PBXResourcesBuildPhase section */
		61CD7D9729A8B85E00A6D48E /* Resources */ = {
			isa = PBXResourcesBuildPhase;
			buildActionMask = 2147483647;
			files = (
				61CD7DA929A8B85F00A6D48E /* LaunchScreen.storyboard in Resources */,
				61CD7DA629A8B85F00A6D48E /* Assets.xcassets in Resources */,
				61CD7DB729A8F47700A6D48E /* ActivityCell.xib in Resources */,
				61CD7DA429A8B85E00A6D48E /* Main.storyboard in Resources */,
				61C59ADA29AAB5B9003D8EDC /* CompletedActivityCell.xib in Resources */,
			);
			runOnlyForDeploymentPostprocessing = 0;
		};
/* End PBXResourcesBuildPhase section */

/* Begin PBXSourcesBuildPhase section */
		61CD7D9529A8B85E00A6D48E /* Sources */ = {
			isa = PBXSourcesBuildPhase;
			buildActionMask = 2147483647;
			files = (
				61CD7DB329A8C83100A6D48E /* Constants.swift in Sources */,
				61CD7DC629AA254000A6D48E /* CompletedActivitiesCore.xcdatamodeld in Sources */,
				61CD7DCC29AA277400A6D48E /* CompletedActivitiesManager.swift in Sources */,
				61CD7DB129A8C11200A6D48E /* ActivityModel.swift in Sources */,
				61530FBF29ACC28600A2284F /* CompletedActivities+CoreDataProperties.swift in Sources */,
				61CD7DA129A8B85E00A6D48E /* ActivitySuggestionController.swift in Sources */,
				61CD7DBC29A95AFC00A6D48E /* ActivityManager.swift in Sources */,
				61530FBE29ACC28600A2284F /* CompletedActivities+CoreDataClass.swift in Sources */,
				61CD7DE029AA6A3700A6D48E /* RegisterActivityController.swift in Sources */,
				61CD7DCE29AA2CE000A6D48E /* Alerts.swift in Sources */,
				61CD7D9D29A8B85E00A6D48E /* AppDelegate.swift in Sources */,
				61CD7DB629A8F47700A6D48E /* ActivityCell.swift in Sources */,
				61C59AD929AAB5B9003D8EDC /* CompletedActivityCell.swift in Sources */,
				61530FBB29ABF9B400A2284F /* ActivityDetailController.swift in Sources */,
				61CD7D9F29A8B85E00A6D48E /* SceneDelegate.swift in Sources */,
				61CD7DE229AA909400A6D48E /* CompletedActivitiesController.swift in Sources */,
			);
			runOnlyForDeploymentPostprocessing = 0;
		};
/* End PBXSourcesBuildPhase section */

/* Begin PBXVariantGroup section */
		61CD7DA229A8B85E00A6D48E /* Main.storyboard */ = {
			isa = PBXVariantGroup;
			children = (
				61CD7DA329A8B85E00A6D48E /* Base */,
			);
			name = Main.storyboard;
			sourceTree = "<group>";
		};
		61CD7DA729A8B85F00A6D48E /* LaunchScreen.storyboard */ = {
			isa = PBXVariantGroup;
			children = (
				61CD7DA829A8B85F00A6D48E /* Base */,
			);
			name = LaunchScreen.storyboard;
			sourceTree = "<group>";
		};
/* End PBXVariantGroup section */

/* Begin XCBuildConfiguration section */
		61CD7DAB29A8B85F00A6D48E /* Debug */ = {
			isa = XCBuildConfiguration;
			buildSettings = {
				ALWAYS_SEARCH_USER_PATHS = NO;
				CLANG_ANALYZER_NONNULL = YES;
				CLANG_ANALYZER_NUMBER_OBJECT_CONVERSION = YES_AGGRESSIVE;
				CLANG_CXX_LANGUAGE_STANDARD = "gnu++20";
				CLANG_ENABLE_MODULES = YES;
				CLANG_ENABLE_OBJC_ARC = YES;
				CLANG_ENABLE_OBJC_WEAK = YES;
				CLANG_WARN_BLOCK_CAPTURE_AUTORELEASING = YES;
				CLANG_WARN_BOOL_CONVERSION = YES;
				CLANG_WARN_COMMA = YES;
				CLANG_WARN_CONSTANT_CONVERSION = YES;
				CLANG_WARN_DEPRECATED_OBJC_IMPLEMENTATIONS = YES;
				CLANG_WARN_DIRECT_OBJC_ISA_USAGE = YES_ERROR;
				CLANG_WARN_DOCUMENTATION_COMMENTS = YES;
				CLANG_WARN_EMPTY_BODY = YES;
				CLANG_WARN_ENUM_CONVERSION = YES;
				CLANG_WARN_INFINITE_RECURSION = YES;
				CLANG_WARN_INT_CONVERSION = YES;
				CLANG_WARN_NON_LITERAL_NULL_CONVERSION = YES;
				CLANG_WARN_OBJC_IMPLICIT_RETAIN_SELF = YES;
				CLANG_WARN_OBJC_LITERAL_CONVERSION = YES;
				CLANG_WARN_OBJC_ROOT_CLASS = YES_ERROR;
				CLANG_WARN_QUOTED_INCLUDE_IN_FRAMEWORK_HEADER = YES;
				CLANG_WARN_RANGE_LOOP_ANALYSIS = YES;
				CLANG_WARN_STRICT_PROTOTYPES = YES;
				CLANG_WARN_SUSPICIOUS_MOVE = YES;
				CLANG_WARN_UNGUARDED_AVAILABILITY = YES_AGGRESSIVE;
				CLANG_WARN_UNREACHABLE_CODE = YES;
				CLANG_WARN__DUPLICATE_METHOD_MATCH = YES;
				COPY_PHASE_STRIP = NO;
				DEBUG_INFORMATION_FORMAT = dwarf;
				ENABLE_STRICT_OBJC_MSGSEND = YES;
				ENABLE_TESTABILITY = YES;
				GCC_C_LANGUAGE_STANDARD = gnu11;
				GCC_DYNAMIC_NO_PIC = NO;
				GCC_NO_COMMON_BLOCKS = YES;
				GCC_OPTIMIZATION_LEVEL = 0;
				GCC_PREPROCESSOR_DEFINITIONS = (
					"DEBUG=1",
					"$(inherited)",
				);
				GCC_WARN_64_TO_32_BIT_CONVERSION = YES;
				GCC_WARN_ABOUT_RETURN_TYPE = YES_ERROR;
				GCC_WARN_UNDECLARED_SELECTOR = YES;
				GCC_WARN_UNINITIALIZED_AUTOS = YES_AGGRESSIVE;
				GCC_WARN_UNUSED_FUNCTION = YES;
				GCC_WARN_UNUSED_VARIABLE = YES;
				IPHONEOS_DEPLOYMENT_TARGET = 16.2;
				MTL_ENABLE_DEBUG_INFO = INCLUDE_SOURCE;
				MTL_FAST_MATH = YES;
				ONLY_ACTIVE_ARCH = YES;
				SDKROOT = iphoneos;
				SWIFT_ACTIVE_COMPILATION_CONDITIONS = DEBUG;
				SWIFT_OPTIMIZATION_LEVEL = "-Onone";
			};
			name = Debug;
		};
		61CD7DAC29A8B85F00A6D48E /* Release */ = {
			isa = XCBuildConfiguration;
			buildSettings = {
				ALWAYS_SEARCH_USER_PATHS = NO;
				CLANG_ANALYZER_NONNULL = YES;
				CLANG_ANALYZER_NUMBER_OBJECT_CONVERSION = YES_AGGRESSIVE;
				CLANG_CXX_LANGUAGE_STANDARD = "gnu++20";
				CLANG_ENABLE_MODULES = YES;
				CLANG_ENABLE_OBJC_ARC = YES;
				CLANG_ENABLE_OBJC_WEAK = YES;
				CLANG_WARN_BLOCK_CAPTURE_AUTORELEASING = YES;
				CLANG_WARN_BOOL_CONVERSION = YES;
				CLANG_WARN_COMMA = YES;
				CLANG_WARN_CONSTANT_CONVERSION = YES;
				CLANG_WARN_DEPRECATED_OBJC_IMPLEMENTATIONS = YES;
				CLANG_WARN_DIRECT_OBJC_ISA_USAGE = YES_ERROR;
				CLANG_WARN_DOCUMENTATION_COMMENTS = YES;
				CLANG_WARN_EMPTY_BODY = YES;
				CLANG_WARN_ENUM_CONVERSION = YES;
				CLANG_WARN_INFINITE_RECURSION = YES;
				CLANG_WARN_INT_CONVERSION = YES;
				CLANG_WARN_NON_LITERAL_NULL_CONVERSION = YES;
				CLANG_WARN_OBJC_IMPLICIT_RETAIN_SELF = YES;
				CLANG_WARN_OBJC_LITERAL_CONVERSION = YES;
				CLANG_WARN_OBJC_ROOT_CLASS = YES_ERROR;
				CLANG_WARN_QUOTED_INCLUDE_IN_FRAMEWORK_HEADER = YES;
				CLANG_WARN_RANGE_LOOP_ANALYSIS = YES;
				CLANG_WARN_STRICT_PROTOTYPES = YES;
				CLANG_WARN_SUSPICIOUS_MOVE = YES;
				CLANG_WARN_UNGUARDED_AVAILABILITY = YES_AGGRESSIVE;
				CLANG_WARN_UNREACHABLE_CODE = YES;
				CLANG_WARN__DUPLICATE_METHOD_MATCH = YES;
				COPY_PHASE_STRIP = NO;
				DEBUG_INFORMATION_FORMAT = "dwarf-with-dsym";
				ENABLE_NS_ASSERTIONS = NO;
				ENABLE_STRICT_OBJC_MSGSEND = YES;
				GCC_C_LANGUAGE_STANDARD = gnu11;
				GCC_NO_COMMON_BLOCKS = YES;
				GCC_WARN_64_TO_32_BIT_CONVERSION = YES;
				GCC_WARN_ABOUT_RETURN_TYPE = YES_ERROR;
				GCC_WARN_UNDECLARED_SELECTOR = YES;
				GCC_WARN_UNINITIALIZED_AUTOS = YES_AGGRESSIVE;
				GCC_WARN_UNUSED_FUNCTION = YES;
				GCC_WARN_UNUSED_VARIABLE = YES;
				IPHONEOS_DEPLOYMENT_TARGET = 16.2;
				MTL_ENABLE_DEBUG_INFO = NO;
				MTL_FAST_MATH = YES;
				SDKROOT = iphoneos;
				SWIFT_COMPILATION_MODE = wholemodule;
				SWIFT_OPTIMIZATION_LEVEL = "-O";
				VALIDATE_PRODUCT = YES;
			};
			name = Release;
		};
		61CD7DAE29A8B85F00A6D48E /* Debug */ = {
			isa = XCBuildConfiguration;
			buildSettings = {
				ASSETCATALOG_COMPILER_APPICON_NAME = AppIcon;
				ASSETCATALOG_COMPILER_GLOBAL_ACCENT_COLOR_NAME = AccentColor;
				CODE_SIGN_STYLE = Automatic;
				CURRENT_PROJECT_VERSION = 1;
				DEVELOPMENT_TEAM = UCXM4QP8Z6;
				GENERATE_INFOPLIST_FILE = YES;
				INFOPLIST_FILE = ActivitySuggestion/Info.plist;
				INFOPLIST_KEY_UIApplicationSupportsIndirectInputEvents = YES;
				INFOPLIST_KEY_UILaunchStoryboardName = LaunchScreen;
				INFOPLIST_KEY_UIMainStoryboardFile = Main;
				INFOPLIST_KEY_UISupportedInterfaceOrientations_iPad = "UIInterfaceOrientationPortrait UIInterfaceOrientationPortraitUpsideDown UIInterfaceOrientationLandscapeLeft UIInterfaceOrientationLandscapeRight";
				INFOPLIST_KEY_UISupportedInterfaceOrientations_iPhone = "UIInterfaceOrientationPortrait UIInterfaceOrientationLandscapeLeft UIInterfaceOrientationLandscapeRight";
				LD_RUNPATH_SEARCH_PATHS = (
					"$(inherited)",
					"@executable_path/Frameworks",
				);
				MARKETING_VERSION = 1.0;
				PRODUCT_BUNDLE_IDENTIFIER = com.kristiania.ActivitySuggestion;
				PRODUCT_NAME = "$(TARGET_NAME)";
				SWIFT_EMIT_LOC_STRINGS = YES;
				SWIFT_VERSION = 5.0;
				TARGETED_DEVICE_FAMILY = "1,2";
			};
			name = Debug;
		};
		61CD7DAF29A8B85F00A6D48E /* Release */ = {
			isa = XCBuildConfiguration;
			buildSettings = {
				ASSETCATALOG_COMPILER_APPICON_NAME = AppIcon;
				ASSETCATALOG_COMPILER_GLOBAL_ACCENT_COLOR_NAME = AccentColor;
				CODE_SIGN_STYLE = Automatic;
				CURRENT_PROJECT_VERSION = 1;
				DEVELOPMENT_TEAM = UCXM4QP8Z6;
				GENERATE_INFOPLIST_FILE = YES;
				INFOPLIST_FILE = ActivitySuggestion/Info.plist;
				INFOPLIST_KEY_UIApplicationSupportsIndirectInputEvents = YES;
				INFOPLIST_KEY_UILaunchStoryboardName = LaunchScreen;
				INFOPLIST_KEY_UIMainStoryboardFile = Main;
				INFOPLIST_KEY_UISupportedInterfaceOrientations_iPad = "UIInterfaceOrientationPortrait UIInterfaceOrientationPortraitUpsideDown UIInterfaceOrientationLandscapeLeft UIInterfaceOrientationLandscapeRight";
				INFOPLIST_KEY_UISupportedInterfaceOrientations_iPhone = "UIInterfaceOrientationPortrait UIInterfaceOrientationLandscapeLeft UIInterfaceOrientationLandscapeRight";
				LD_RUNPATH_SEARCH_PATHS = (
					"$(inherited)",
					"@executable_path/Frameworks",
				);
				MARKETING_VERSION = 1.0;
				PRODUCT_BUNDLE_IDENTIFIER = com.kristiania.ActivitySuggestion;
				PRODUCT_NAME = "$(TARGET_NAME)";
				SWIFT_EMIT_LOC_STRINGS = YES;
				SWIFT_VERSION = 5.0;
				TARGETED_DEVICE_FAMILY = "1,2";
			};
			name = Release;
		};
/* End XCBuildConfiguration section */

/* Begin XCConfigurationList section */
		61CD7D9429A8B85E00A6D48E /* Build configuration list for PBXProject "ActivitySuggestion" */ = {
			isa = XCConfigurationList;
			buildConfigurations = (
				61CD7DAB29A8B85F00A6D48E /* Debug */,
				61CD7DAC29A8B85F00A6D48E /* Release */,
			);
			defaultConfigurationIsVisible = 0;
			defaultConfigurationName = Release;
		};
		61CD7DAD29A8B85F00A6D48E /* Build configuration list for PBXNativeTarget "ActivitySuggestion" */ = {
			isa = XCConfigurationList;
			buildConfigurations = (
				61CD7DAE29A8B85F00A6D48E /* Debug */,
				61CD7DAF29A8B85F00A6D48E /* Release */,
			);
			defaultConfigurationIsVisible = 0;
			defaultConfigurationName = Release;
		};
/* End XCConfigurationList section */

/* Begin XCVersionGroup section */
		61CD7DC429AA254000A6D48E /* CompletedActivitiesCore.xcdatamodeld */ = {
			isa = XCVersionGroup;
			children = (
				61CD7DC529AA254000A6D48E /* CompletedActivitesCore.xcdatamodel */,
			);
			currentVersion = 61CD7DC529AA254000A6D48E /* CompletedActivitesCore.xcdatamodel */;
			path = CompletedActivitiesCore.xcdatamodeld;
			sourceTree = "<group>";
			versionGroupType = wrapper.xcdatamodel;
		};
/* End XCVersionGroup section */
	};
	rootObject = 61CD7D9129A8B85E00A6D48E /* Project object */;
}
